// !$*UTF8*$!
{
	archiveVersion = 1;
	classes = {
	};
	objectVersion = 55;
	objects = {

/* Begin PBXBuildFile section */
		0B6C77BF282AA84A003286BA /* AppDelegate.swift in Sources */ = {isa = PBXBuildFile; fileRef = 0B6C77BE282AA84A003286BA /* AppDelegate.swift */; };
		0B6C77C1282AA84A003286BA /* SceneDelegate.swift in Sources */ = {isa = PBXBuildFile; fileRef = 0B6C77C0282AA84A003286BA /* SceneDelegate.swift */; };
		0B6C77C3282AA84A003286BA /* EmployeesTableViewController.swift in Sources */ = {isa = PBXBuildFile; fileRef = 0B6C77C2282AA84A003286BA /* EmployeesTableViewController.swift */; };
		0B6C77C6282AA84A003286BA /* Main.storyboard in Resources */ = {isa = PBXBuildFile; fileRef = 0B6C77C4282AA84A003286BA /* Main.storyboard */; };
		0B6C77C8282AA84C003286BA /* Assets.xcassets in Resources */ = {isa = PBXBuildFile; fileRef = 0B6C77C7282AA84C003286BA /* Assets.xcassets */; };
		0B6C77CB282AA84C003286BA /* LaunchScreen.storyboard in Resources */ = {isa = PBXBuildFile; fileRef = 0B6C77C9282AA84C003286BA /* LaunchScreen.storyboard */; };
		0B6C77D6282AA84C003286BA /* UIKitListModuleTests.swift in Sources */ = {isa = PBXBuildFile; fileRef = 0B6C77D5282AA84C003286BA /* UIKitListModuleTests.swift */; };
		0B6C77E0282AA84C003286BA /* UIKitListModuleUITests.swift in Sources */ = {isa = PBXBuildFile; fileRef = 0B6C77DF282AA84C003286BA /* UIKitListModuleUITests.swift */; };
		0B6C77E2282AA84C003286BA /* UIKitListModuleUITestsLaunchTests.swift in Sources */ = {isa = PBXBuildFile; fileRef = 0B6C77E1282AA84C003286BA /* UIKitListModuleUITestsLaunchTests.swift */; };
		0B6C77F0282AAA85003286BA /* Employee.swift in Sources */ = {isa = PBXBuildFile; fileRef = 0B6C77EF282AAA85003286BA /* Employee.swift */; };
		0B6C77F2282AABDE003286BA /* EmployeeCell.swift in Sources */ = {isa = PBXBuildFile; fileRef = 0B6C77F1282AABDE003286BA /* EmployeeCell.swift */; };
		0B6C77F7282BAD4C003286BA /* EmployeeDetailViewController.swift in Sources */ = {isa = PBXBuildFile; fileRef = 0B6C77F6282BAD4C003286BA /* EmployeeDetailViewController.swift */; };
/* End PBXBuildFile section */

/* Begin PBXContainerItemProxy section */
		0B6C77D2282AA84C003286BA /* PBXContainerItemProxy */ = {
			isa = PBXContainerItemProxy;
			containerPortal = 0B6C77B3282AA84A003286BA /* Project object */;
			proxyType = 1;
			remoteGlobalIDString = 0B6C77BA282AA84A003286BA;
			remoteInfo = UIKitListModule;
		};
		0B6C77DC282AA84C003286BA /* PBXContainerItemProxy */ = {
			isa = PBXContainerItemProxy;
			containerPortal = 0B6C77B3282AA84A003286BA /* Project object */;
			proxyType = 1;
			remoteGlobalIDString = 0B6C77BA282AA84A003286BA;
			remoteInfo = UIKitListModule;
		};
/* End PBXContainerItemProxy section */

/* Begin PBXFileReference section */
		0B6C77BB282AA84A003286BA /* UIKitListModule.app */ = {isa = PBXFileReference; explicitFileType = wrapper.application; includeInIndex = 0; path = UIKitListModule.app; sourceTree = BUILT_PRODUCTS_DIR; };
		0B6C77BE282AA84A003286BA /* AppDelegate.swift */ = {isa = PBXFileReference; lastKnownFileType = sourcecode.swift; path = AppDelegate.swift; sourceTree = "<group>"; };
		0B6C77C0282AA84A003286BA /* SceneDelegate.swift */ = {isa = PBXFileReference; lastKnownFileType = sourcecode.swift; path = SceneDelegate.swift; sourceTree = "<group>"; };
		0B6C77C2282AA84A003286BA /* EmployeesTableViewController.swift */ = {isa = PBXFileReference; lastKnownFileType = sourcecode.swift; path = EmployeesTableViewController.swift; sourceTree = "<group>"; };
		0B6C77C5282AA84A003286BA /* Base */ = {isa = PBXFileReference; lastKnownFileType = file.storyboard; name = Base; path = Base.lproj/Main.storyboard; sourceTree = "<group>"; };
		0B6C77C7282AA84C003286BA /* Assets.xcassets */ = {isa = PBXFileReference; lastKnownFileType = folder.assetcatalog; path = Assets.xcassets; sourceTree = "<group>"; };
		0B6C77CA282AA84C003286BA /* Base */ = {isa = PBXFileReference; lastKnownFileType = file.storyboard; name = Base; path = Base.lproj/LaunchScreen.storyboard; sourceTree = "<group>"; };
		0B6C77CC282AA84C003286BA /* Info.plist */ = {isa = PBXFileReference; lastKnownFileType = text.plist.xml; path = Info.plist; sourceTree = "<group>"; };
		0B6C77D1282AA84C003286BA /* UIKitListModuleTests.xctest */ = {isa = PBXFileReference; explicitFileType = wrapper.cfbundle; includeInIndex = 0; path = UIKitListModuleTests.xctest; sourceTree = BUILT_PRODUCTS_DIR; };
		0B6C77D5282AA84C003286BA /* UIKitListModuleTests.swift */ = {isa = PBXFileReference; lastKnownFileType = sourcecode.swift; path = UIKitListModuleTests.swift; sourceTree = "<group>"; };
		0B6C77DB282AA84C003286BA /* UIKitListModuleUITests.xctest */ = {isa = PBXFileReference; explicitFileType = wrapper.cfbundle; includeInIndex = 0; path = UIKitListModuleUITests.xctest; sourceTree = BUILT_PRODUCTS_DIR; };
		0B6C77DF282AA84C003286BA /* UIKitListModuleUITests.swift */ = {isa = PBXFileReference; lastKnownFileType = sourcecode.swift; path = UIKitListModuleUITests.swift; sourceTree = "<group>"; };
		0B6C77E1282AA84C003286BA /* UIKitListModuleUITestsLaunchTests.swift */ = {isa = PBXFileReference; lastKnownFileType = sourcecode.swift; path = UIKitListModuleUITestsLaunchTests.swift; sourceTree = "<group>"; };
		0B6C77EF282AAA85003286BA /* Employee.swift */ = {isa = PBXFileReference; lastKnownFileType = sourcecode.swift; path = Employee.swift; sourceTree = "<group>"; };
		0B6C77F1282AABDE003286BA /* EmployeeCell.swift */ = {isa = PBXFileReference; lastKnownFileType = sourcecode.swift; path = EmployeeCell.swift; sourceTree = "<group>"; };
		0B6C77F6282BAD4C003286BA /* EmployeeDetailViewController.swift */ = {isa = PBXFileReference; lastKnownFileType = sourcecode.swift; path = EmployeeDetailViewController.swift; sourceTree = "<group>"; };
/* End PBXFileReference section */

/* Begin PBXFrameworksBuildPhase section */
		0B6C77B8282AA84A003286BA /* Frameworks */ = {
			isa = PBXFrameworksBuildPhase;
			buildActionMask = 2147483647;
			files = (
			);
			runOnlyForDeploymentPostprocessing = 0;
		};
		0B6C77CE282AA84C003286BA /* Frameworks */ = {
			isa = PBXFrameworksBuildPhase;
			buildActionMask = 2147483647;
			files = (
			);
			runOnlyForDeploymentPostprocessing = 0;
		};
		0B6C77D8282AA84C003286BA /* Frameworks */ = {
			isa = PBXFrameworksBuildPhase;
			buildActionMask = 2147483647;
			files = (
			);
			runOnlyForDeploymentPostprocessing = 0;
		};
/* End PBXFrameworksBuildPhase section */

/* Begin PBXGroup section */
		0B6C77B2282AA84A003286BA = {
			isa = PBXGroup;
			children = (
				0B6C77BD282AA84A003286BA /* UIKitListModule */,
				0B6C77D4282AA84C003286BA /* UIKitListModuleTests */,
				0B6C77DE282AA84C003286BA /* UIKitListModuleUITests */,
				0B6C77BC282AA84A003286BA /* Products */,
			);
			sourceTree = "<group>";
		};
		0B6C77BC282AA84A003286BA /* Products */ = {
			isa = PBXGroup;
			children = (
				0B6C77BB282AA84A003286BA /* UIKitListModule.app */,
				0B6C77D1282AA84C003286BA /* UIKitListModuleTests.xctest */,
				0B6C77DB282AA84C003286BA /* UIKitListModuleUITests.xctest */,
			);
			name = Products;
			sourceTree = "<group>";
		};
		0B6C77BD282AA84A003286BA /* UIKitListModule */ = {
			isa = PBXGroup;
			children = (
				0B6C77BE282AA84A003286BA /* AppDelegate.swift */,
				0B6C77C0282AA84A003286BA /* SceneDelegate.swift */,
				0B6C77C2282AA84A003286BA /* EmployeesTableViewController.swift */,
				0B6C77F6282BAD4C003286BA /* EmployeeDetailViewController.swift */,
				0B6C77EE282AAA7B003286BA /* Model */,
				0B6C77F3282AABEE003286BA /* Cell */,
				0B6C77C4282AA84A003286BA /* Main.storyboard */,
				0B6C77C7282AA84C003286BA /* Assets.xcassets */,
				0B6C77C9282AA84C003286BA /* LaunchScreen.storyboard */,
				0B6C77CC282AA84C003286BA /* Info.plist */,
			);
			path = UIKitListModule;
			sourceTree = "<group>";
		};
		0B6C77D4282AA84C003286BA /* UIKitListModuleTests */ = {
			isa = PBXGroup;
			children = (
				0B6C77D5282AA84C003286BA /* UIKitListModuleTests.swift */,
			);
			path = UIKitListModuleTests;
			sourceTree = "<group>";
		};
		0B6C77DE282AA84C003286BA /* UIKitListModuleUITests */ = {
			isa = PBXGroup;
			children = (
				0B6C77DF282AA84C003286BA /* UIKitListModuleUITests.swift */,
				0B6C77E1282AA84C003286BA /* UIKitListModuleUITestsLaunchTests.swift */,
			);
			path = UIKitListModuleUITests;
			sourceTree = "<group>";
		};
		0B6C77EE282AAA7B003286BA /* Model */ = {
			isa = PBXGroup;
			children = (
				0B6C77EF282AAA85003286BA /* Employee.swift */,
			);
			path = Model;
			sourceTree = "<group>";
		};
		0B6C77F3282AABEE003286BA /* Cell */ = {
			isa = PBXGroup;
			children = (
				0B6C77F1282AABDE003286BA /* EmployeeCell.swift */,
			);
			path = Cell;
			sourceTree = "<group>";
		};
/* End PBXGroup section */

/* Begin PBXNativeTarget section */
		0B6C77BA282AA84A003286BA /* UIKitListModule */ = {
			isa = PBXNativeTarget;
			buildConfigurationList = 0B6C77E5282AA84C003286BA /* Build configuration list for PBXNativeTarget "UIKitListModule" */;
			buildPhases = (
				0B6C77B7282AA84A003286BA /* Sources */,
				0B6C77B8282AA84A003286BA /* Frameworks */,
				0B6C77B9282AA84A003286BA /* Resources */,
			);
			buildRules = (
			);
			dependencies = (
			);
			name = UIKitListModule;
			productName = UIKitListModule;
			productReference = 0B6C77BB282AA84A003286BA /* UIKitListModule.app */;
			productType = "com.apple.product-type.application";
		};
		0B6C77D0282AA84C003286BA /* UIKitListModuleTests */ = {
			isa = PBXNativeTarget;
			buildConfigurationList = 0B6C77E8282AA84C003286BA /* Build configuration list for PBXNativeTarget "UIKitListModuleTests" */;
			buildPhases = (
				0B6C77CD282AA84C003286BA /* Sources */,
				0B6C77CE282AA84C003286BA /* Frameworks */,
				0B6C77CF282AA84C003286BA /* Resources */,
			);
			buildRules = (
			);
			dependencies = (
				0B6C77D3282AA84C003286BA /* PBXTargetDependency */,
			);
			name = UIKitListModuleTests;
			productName = UIKitListModuleTests;
			productReference = 0B6C77D1282AA84C003286BA /* UIKitListModuleTests.xctest */;
			productType = "com.apple.product-type.bundle.unit-test";
		};
		0B6C77DA282AA84C003286BA /* UIKitListModuleUITests */ = {
			isa = PBXNativeTarget;
			buildConfigurationList = 0B6C77EB282AA84C003286BA /* Build configuration list for PBXNativeTarget "UIKitListModuleUITests" */;
			buildPhases = (
				0B6C77D7282AA84C003286BA /* Sources */,
				0B6C77D8282AA84C003286BA /* Frameworks */,
				0B6C77D9282AA84C003286BA /* Resources */,
			);
			buildRules = (
			);
			dependencies = (
				0B6C77DD282AA84C003286BA /* PBXTargetDependency */,
			);
			name = UIKitListModuleUITests;
			productName = UIKitListModuleUITests;
			productReference = 0B6C77DB282AA84C003286BA /* UIKitListModuleUITests.xctest */;
			productType = "com.apple.product-type.bundle.ui-testing";
		};
/* End PBXNativeTarget section */

/* Begin PBXProject section */
		0B6C77B3282AA84A003286BA /* Project object */ = {
			isa = PBXProject;
			attributes = {
				BuildIndependentTargetsInParallel = 1;
				LastSwiftUpdateCheck = 1320;
				LastUpgradeCheck = 1320;
				TargetAttributes = {
					0B6C77BA282AA84A003286BA = {
						CreatedOnToolsVersion = 13.2.1;
					};
					0B6C77D0282AA84C003286BA = {
						CreatedOnToolsVersion = 13.2.1;
						TestTargetID = 0B6C77BA282AA84A003286BA;
					};
					0B6C77DA282AA84C003286BA = {
						CreatedOnToolsVersion = 13.2.1;
						TestTargetID = 0B6C77BA282AA84A003286BA;
					};
				};
			};
			buildConfigurationList = 0B6C77B6282AA84A003286BA /* Build configuration list for PBXProject "UIKitListModule" */;
			compatibilityVersion = "Xcode 13.0";
			developmentRegion = en;
			hasScannedForEncodings = 0;
			knownRegions = (
				en,
				Base,
			);
			mainGroup = 0B6C77B2282AA84A003286BA;
			productRefGroup = 0B6C77BC282AA84A003286BA /* Products */;
			projectDirPath = "";
			projectRoot = "";
			targets = (
				0B6C77BA282AA84A003286BA /* UIKitListModule */,
				0B6C77D0282AA84C003286BA /* UIKitListModuleTests */,
				0B6C77DA282AA84C003286BA /* UIKitListModuleUITests */,
			);
		};
/* End PBXProject section */

/* Begin PBXResourcesBuildPhase section */
		0B6C77B9282AA84A003286BA /* Resources */ = {
			isa = PBXResourcesBuildPhase;
			buildActionMask = 2147483647;
			files = (
				0B6C77CB282AA84C003286BA /* LaunchScreen.storyboard in Resources */,
				0B6C77C8282AA84C003286BA /* Assets.xcassets in Resources */,
				0B6C77C6282AA84A003286BA /* Main.storyboard in Resources */,
			);
			runOnlyForDeploymentPostprocessing = 0;
		};
		0B6C77CF282AA84C003286BA /* Resources */ = {
			isa = PBXResourcesBuildPhase;
			buildActionMask = 2147483647;
			files = (
			);
			runOnlyForDeploymentPostprocessing = 0;
		};
		0B6C77D9282AA84C003286BA /* Resources */ = {
			isa = PBXResourcesBuildPhase;
			buildActionMask = 2147483647;
			files = (
			);
			runOnlyForDeploymentPostprocessing = 0;
		};
/* End PBXResourcesBuildPhase section */

/* Begin PBXSourcesBuildPhase section */
		0B6C77B7282AA84A003286BA /* Sources */ = {
			isa = PBXSourcesBuildPhase;
			buildActionMask = 2147483647;
			files = (
				0B6C77F2282AABDE003286BA /* EmployeeCell.swift in Sources */,
				0B6C77C3282AA84A003286BA /* EmployeesTableViewController.swift in Sources */,
				0B6C77F0282AAA85003286BA /* Employee.swift in Sources */,
				0B6C77BF282AA84A003286BA /* AppDelegate.swift in Sources */,
				0B6C77C1282AA84A003286BA /* SceneDelegate.swift in Sources */,
				0B6C77F7282BAD4C003286BA /* EmployeeDetailViewController.swift in Sources */,
			);
			runOnlyForDeploymentPostprocessing = 0;
		};
		0B6C77CD282AA84C003286BA /* Sources */ = {
			isa = PBXSourcesBuildPhase;
			buildActionMask = 2147483647;
			files = (
				0B6C77D6282AA84C003286BA /* UIKitListModuleTests.swift in Sources */,
			);
			runOnlyForDeploymentPostprocessing = 0;
		};
		0B6C77D7282AA84C003286BA /* Sources */ = {
			isa = PBXSourcesBuildPhase;
			buildActionMask = 2147483647;
			files = (
				0B6C77E0282AA84C003286BA /* UIKitListModuleUITests.swift in Sources */,
				0B6C77E2282AA84C003286BA /* UIKitListModuleUITestsLaunchTests.swift in Sources */,
			);
			runOnlyForDeploymentPostprocessing = 0;
		};
/* End PBXSourcesBuildPhase section */

/* Begin PBXTargetDependency section */
		0B6C77D3282AA84C003286BA /* PBXTargetDependency */ = {
			isa = PBXTargetDependency;
			target = 0B6C77BA282AA84A003286BA /* UIKitListModule */;
			targetProxy = 0B6C77D2282AA84C003286BA /* PBXContainerItemProxy */;
		};
		0B6C77DD282AA84C003286BA /* PBXTargetDependency */ = {
			isa = PBXTargetDependency;
			target = 0B6C77BA282AA84A003286BA /* UIKitListModule */;
			targetProxy = 0B6C77DC282AA84C003286BA /* PBXContainerItemProxy */;
		};
/* End PBXTargetDependency section */

/* Begin PBXVariantGroup section */
		0B6C77C4282AA84A003286BA /* Main.storyboard */ = {
			isa = PBXVariantGroup;
			children = (
				0B6C77C5282AA84A003286BA /* Base */,
			);
			name = Main.storyboard;
			sourceTree = "<group>";
		};
		0B6C77C9282AA84C003286BA /* LaunchScreen.storyboard */ = {
			isa = PBXVariantGroup;
			children = (
				0B6C77CA282AA84C003286BA /* Base */,
			);
			name = LaunchScreen.storyboard;
			sourceTree = "<group>";
		};
/* End PBXVariantGroup section */

/* Begin XCBuildConfiguration section */
		0B6C77E3282AA84C003286BA /* Debug */ = {
			isa = XCBuildConfiguration;
			buildSettings = {
				ALWAYS_SEARCH_USER_PATHS = NO;
				CLANG_ANALYZER_NONNULL = YES;
				CLANG_ANALYZER_NUMBER_OBJECT_CONVERSION = YES_AGGRESSIVE;
				CLANG_CXX_LANGUAGE_STANDARD = "gnu++17";
				CLANG_CXX_LIBRARY = "libc++";
				CLANG_ENABLE_MODULES = YES;
				CLANG_ENABLE_OBJC_ARC = YES;
				CLANG_ENABLE_OBJC_WEAK = YES;
				CLANG_WARN_BLOCK_CAPTURE_AUTORELEASING = YES;
				CLANG_WARN_BOOL_CONVERSION = YES;
				CLANG_WARN_COMMA = YES;
				CLANG_WARN_CONSTANT_CONVERSION = YES;
				CLANG_WARN_DEPRECATED_OBJC_IMPLEMENTATIONS = YES;
				CLANG_WARN_DIRECT_OBJC_ISA_USAGE = YES_ERROR;
				CLANG_WARN_DOCUMENTATION_COMMENTS = YES;
				CLANG_WARN_EMPTY_BODY = YES;
				CLANG_WARN_ENUM_CONVERSION = YES;
				CLANG_WARN_INFINITE_RECURSION = YES;
				CLANG_WARN_INT_CONVERSION = YES;
				CLANG_WARN_NON_LITERAL_NULL_CONVERSION = YES;
				CLANG_WARN_OBJC_IMPLICIT_RETAIN_SELF = YES;
				CLANG_WARN_OBJC_LITERAL_CONVERSION = YES;
				CLANG_WARN_OBJC_ROOT_CLASS = YES_ERROR;
				CLANG_WARN_QUOTED_INCLUDE_IN_FRAMEWORK_HEADER = YES;
				CLANG_WARN_RANGE_LOOP_ANALYSIS = YES;
				CLANG_WARN_STRICT_PROTOTYPES = YES;
				CLANG_WARN_SUSPICIOUS_MOVE = YES;
				CLANG_WARN_UNGUARDED_AVAILABILITY = YES_AGGRESSIVE;
				CLANG_WARN_UNREACHABLE_CODE = YES;
				CLANG_WARN__DUPLICATE_METHOD_MATCH = YES;
				COPY_PHASE_STRIP = NO;
				DEBUG_INFORMATION_FORMAT = dwarf;
				ENABLE_STRICT_OBJC_MSGSEND = YES;
				ENABLE_TESTABILITY = YES;
				GCC_C_LANGUAGE_STANDARD = gnu11;
				GCC_DYNAMIC_NO_PIC = NO;
				GCC_NO_COMMON_BLOCKS = YES;
				GCC_OPTIMIZATION_LEVEL = 0;
				GCC_PREPROCESSOR_DEFINITIONS = (
					"DEBUG=1",
					"$(inherited)",
				);
				GCC_WARN_64_TO_32_BIT_CONVERSION = YES;
				GCC_WARN_ABOUT_RETURN_TYPE = YES_ERROR;
				GCC_WARN_UNDECLARED_SELECTOR = YES;
				GCC_WARN_UNINITIALIZED_AUTOS = YES_AGGRESSIVE;
				GCC_WARN_UNUSED_FUNCTION = YES;
				GCC_WARN_UNUSED_VARIABLE = YES;
				IPHONEOS_DEPLOYMENT_TARGET = 15.2;
				MTL_ENABLE_DEBUG_INFO = INCLUDE_SOURCE;
				MTL_FAST_MATH = YES;
				ONLY_ACTIVE_ARCH = YES;
				SDKROOT = iphoneos;
				SWIFT_ACTIVE_COMPILATION_CONDITIONS = DEBUG;
				SWIFT_OPTIMIZATION_LEVEL = "-Onone";
			};
			name = Debug;
		};
		0B6C77E4282AA84C003286BA /* Release */ = {
			isa = XCBuildConfiguration;
			buildSettings = {
				ALWAYS_SEARCH_USER_PATHS = NO;
				CLANG_ANALYZER_NONNULL = YES;
				CLANG_ANALYZER_NUMBER_OBJECT_CONVERSION = YES_AGGRESSIVE;
				CLANG_CXX_LANGUAGE_STANDARD = "gnu++17";
				CLANG_CXX_LIBRARY = "libc++";
				CLANG_ENABLE_MODULES = YES;
				CLANG_ENABLE_OBJC_ARC = YES;
				CLANG_ENABLE_OBJC_WEAK = YES;
				CLANG_WARN_BLOCK_CAPTURE_AUTORELEASING = YES;
				CLANG_WARN_BOOL_CONVERSION = YES;
				CLANG_WARN_COMMA = YES;
				CLANG_WARN_CONSTANT_CONVERSION = YES;
				CLANG_WARN_DEPRECATED_OBJC_IMPLEMENTATIONS = YES;
				CLANG_WARN_DIRECT_OBJC_ISA_USAGE = YES_ERROR;
				CLANG_WARN_DOCUMENTATION_COMMENTS = YES;
				CLANG_WARN_EMPTY_BODY = YES;
				CLANG_WARN_ENUM_CONVERSION = YES;
				CLANG_WARN_INFINITE_RECURSION = YES;
				CLANG_WARN_INT_CONVERSION = YES;
				CLANG_WARN_NON_LITERAL_NULL_CONVERSION = YES;
				CLANG_WARN_OBJC_IMPLICIT_RETAIN_SELF = YES;
				CLANG_WARN_OBJC_LITERAL_CONVERSION = YES;
				CLANG_WARN_OBJC_ROOT_CLASS = YES_ERROR;
				CLANG_WARN_QUOTED_INCLUDE_IN_FRAMEWORK_HEADER = YES;
				CLANG_WARN_RANGE_LOOP_ANALYSIS = YES;
				CLANG_WARN_STRICT_PROTOTYPES = YES;
				CLANG_WARN_SUSPICIOUS_MOVE = YES;
				CLANG_WARN_UNGUARDED_AVAILABILITY = YES_AGGRESSIVE;
				CLANG_WARN_UNREACHABLE_CODE = YES;
				CLANG_WARN__DUPLICATE_METHOD_MATCH = YES;
				COPY_PHASE_STRIP = NO;
				DEBUG_INFORMATION_FORMAT = "dwarf-with-dsym";
				ENABLE_NS_ASSERTIONS = NO;
				ENABLE_STRICT_OBJC_MSGSEND = YES;
				GCC_C_LANGUAGE_STANDARD = gnu11;
				GCC_NO_COMMON_BLOCKS = YES;
				GCC_WARN_64_TO_32_BIT_CONVERSION = YES;
				GCC_WARN_ABOUT_RETURN_TYPE = YES_ERROR;
				GCC_WARN_UNDECLARED_SELECTOR = YES;
				GCC_WARN_UNINITIALIZED_AUTOS = YES_AGGRESSIVE;
				GCC_WARN_UNUSED_FUNCTION = YES;
				GCC_WARN_UNUSED_VARIABLE = YES;
				IPHONEOS_DEPLOYMENT_TARGET = 15.2;
				MTL_ENABLE_DEBUG_INFO = NO;
				MTL_FAST_MATH = YES;
				SDKROOT = iphoneos;
				SWIFT_COMPILATION_MODE = wholemodule;
				SWIFT_OPTIMIZATION_LEVEL = "-O";
				VALIDATE_PRODUCT = YES;
			};
			name = Release;
		};
		0B6C77E6282AA84C003286BA /* Debug */ = {
			isa = XCBuildConfiguration;
			buildSettings = {
				ASSETCATALOG_COMPILER_APPICON_NAME = AppIcon;
				ASSETCATALOG_COMPILER_GLOBAL_ACCENT_COLOR_NAME = AccentColor;
				CODE_SIGN_STYLE = Automatic;
				CURRENT_PROJECT_VERSION = 1;
				DEVELOPMENT_TEAM = XGAQ4P4W84;
				GENERATE_INFOPLIST_FILE = YES;
				INFOPLIST_FILE = UIKitListModule/Info.plist;
				INFOPLIST_KEY_UIApplicationSupportsIndirectInputEvents = YES;
				INFOPLIST_KEY_UILaunchStoryboardName = LaunchScreen;
				INFOPLIST_KEY_UIMainStoryboardFile = Main;
				INFOPLIST_KEY_UISupportedInterfaceOrientations_iPad = "UIInterfaceOrientationPortrait UIInterfaceOrientationPortraitUpsideDown UIInterfaceOrientationLandscapeLeft UIInterfaceOrientationLandscapeRight";
				INFOPLIST_KEY_UISupportedInterfaceOrientations_iPhone = "UIInterfaceOrientationPortrait UIInterfaceOrientationLandscapeLeft UIInterfaceOrientationLandscapeRight";
				LD_RUNPATH_SEARCH_PATHS = (
					"$(inherited)",
					"@executable_path/Frameworks",
				);
				MARKETING_VERSION = 1.0;
				PRODUCT_BUNDLE_IDENTIFIER = com.kuldarya.UIKitListModule;
				PRODUCT_NAME = "$(TARGET_NAME)";
				SWIFT_EMIT_LOC_STRINGS = YES;
				SWIFT_VERSION = 5.0;
				TARGETED_DEVICE_FAMILY = "1,2";
			};
			name = Debug;
		};
		0B6C77E7282AA84C003286BA /* Release */ = {
			isa = XCBuildConfiguration;
			buildSettings = {
				ASSETCATALOG_COMPILER_APPICON_NAME = AppIcon;
				ASSETCATALOG_COMPILER_GLOBAL_ACCENT_COLOR_NAME = AccentColor;
				CODE_SIGN_STYLE = Automatic;
				CURRENT_PROJECT_VERSION = 1;
				DEVELOPMENT_TEAM = XGAQ4P4W84;
				GENERATE_INFOPLIST_FILE = YES;
				INFOPLIST_FILE = UIKitListModule/Info.plist;
				INFOPLIST_KEY_UIApplicationSupportsIndirectInputEvents = YES;
				INFOPLIST_KEY_UILaunchStoryboardName = LaunchScreen;
				INFOPLIST_KEY_UIMainStoryboardFile = Main;
				INFOPLIST_KEY_UISupportedInterfaceOrientations_iPad = "UIInterfaceOrientationPortrait UIInterfaceOrientationPortraitUpsideDown UIInterfaceOrientationLandscapeLeft UIInterfaceOrientationLandscapeRight";
				INFOPLIST_KEY_UISupportedInterfaceOrientations_iPhone = "UIInterfaceOrientationPortrait UIInterfaceOrientationLandscapeLeft UIInterfaceOrientationLandscapeRight";
				LD_RUNPATH_SEARCH_PATHS = (
					"$(inherited)",
					"@executable_path/Frameworks",
				);
				MARKETING_VERSION = 1.0;
				PRODUCT_BUNDLE_IDENTIFIER = com.kuldarya.UIKitListModule;
				PRODUCT_NAME = "$(TARGET_NAME)";
				SWIFT_EMIT_LOC_STRINGS = YES;
				SWIFT_VERSION = 5.0;
				TARGETED_DEVICE_FAMILY = "1,2";
			};
			name = Release;
		};
		0B6C77E9282AA84C003286BA /* Debug */ = {
			isa = XCBuildConfiguration;
			buildSettings = {
				ALWAYS_EMBED_SWIFT_STANDARD_LIBRARIES = YES;
				BUNDLE_LOADER = "$(TEST_HOST)";
				CODE_SIGN_STYLE = Automatic;
				CURRENT_PROJECT_VERSION = 1;
				DEVELOPMENT_TEAM = XGAQ4P4W84;
				GENERATE_INFOPLIST_FILE = YES;
				IPHONEOS_DEPLOYMENT_TARGET = 15.2;
				MARKETING_VERSION = 1.0;
				PRODUCT_BUNDLE_IDENTIFIER = com.kuldarya.UIKitListModuleTests;
				PRODUCT_NAME = "$(TARGET_NAME)";
				SWIFT_EMIT_LOC_STRINGS = NO;
				SWIFT_VERSION = 5.0;
				TARGETED_DEVICE_FAMILY = "1,2";
				TEST_HOST = "$(BUILT_PRODUCTS_DIR)/UIKitListModule.app/UIKitListModule";
			};
			name = Debug;
		};
		0B6C77EA282AA84C003286BA /* Release */ = {
			isa = XCBuildConfiguration;
			buildSettings = {
				ALWAYS_EMBED_SWIFT_STANDARD_LIBRARIES = YES;
				BUNDLE_LOADER = "$(TEST_HOST)";
				CODE_SIGN_STYLE = Automatic;
				CURRENT_PROJECT_VERSION = 1;
				DEVELOPMENT_TEAM = XGAQ4P4W84;
				GENERATE_INFOPLIST_FILE = YES;
				IPHONEOS_DEPLOYMENT_TARGET = 15.2;
				MARKETING_VERSION = 1.0;
				PRODUCT_BUNDLE_IDENTIFIER = com.kuldarya.UIKitListModuleTests;
				PRODUCT_NAME = "$(TARGET_NAME)";
				SWIFT_EMIT_LOC_STRINGS = NO;
				SWIFT_VERSION = 5.0;
				TARGETED_DEVICE_FAMILY = "1,2";
				TEST_HOST = "$(BUILT_PRODUCTS_DIR)/UIKitListModule.app/UIKitListModule";
			};
			name = Release;
		};
		0B6C77EC282AA84C003286BA /* Debug */ = {
			isa = XCBuildConfiguration;
			buildSettings = {
				ALWAYS_EMBED_SWIFT_STANDARD_LIBRARIES = YES;
				CODE_SIGN_STYLE = Automatic;
				CURRENT_PROJECT_VERSION = 1;
				DEVELOPMENT_TEAM = XGAQ4P4W84;
				GENERATE_INFOPLIST_FILE = YES;
				MARKETING_VERSION = 1.0;
				PRODUCT_BUNDLE_IDENTIFIER = com.kuldarya.UIKitListModuleUITests;
				PRODUCT_NAME = "$(TARGET_NAME)";
				SWIFT_EMIT_LOC_STRINGS = NO;
				SWIFT_VERSION = 5.0;
				TARGETED_DEVICE_FAMILY = "1,2";
				TEST_TARGET_NAME = UIKitListModule;
			};
			name = Debug;
		};
		0B6C77ED282AA84C003286BA /* Release */ = {
			isa = XCBuildConfiguration;
			buildSettings = {
				ALWAYS_EMBED_SWIFT_STANDARD_LIBRARIES = YES;
				CODE_SIGN_STYLE = Automatic;
				CURRENT_PROJECT_VERSION = 1;
				DEVELOPMENT_TEAM = XGAQ4P4W84;
				GENERATE_INFOPLIST_FILE = YES;
				MARKETING_VERSION = 1.0;
				PRODUCT_BUNDLE_IDENTIFIER = com.kuldarya.UIKitListModuleUITests;
				PRODUCT_NAME = "$(TARGET_NAME)";
				SWIFT_EMIT_LOC_STRINGS = NO;
				SWIFT_VERSION = 5.0;
				TARGETED_DEVICE_FAMILY = "1,2";
				TEST_TARGET_NAME = UIKitListModule;
			};
			name = Release;
		};
/* End XCBuildConfiguration section */

/* Begin XCConfigurationList section */
		0B6C77B6282AA84A003286BA /* Build configuration list for PBXProject "UIKitListModule" */ = {
			isa = XCConfigurationList;
			buildConfigurations = (
				0B6C77E3282AA84C003286BA /* Debug */,
				0B6C77E4282AA84C003286BA /* Release */,
			);
			defaultConfigurationIsVisible = 0;
			defaultConfigurationName = Release;
		};
		0B6C77E5282AA84C003286BA /* Build configuration list for PBXNativeTarget "UIKitListModule" */ = {
			isa = XCConfigurationList;
			buildConfigurations = (
				0B6C77E6282AA84C003286BA /* Debug */,
				0B6C77E7282AA84C003286BA /* Release */,
			);
			defaultConfigurationIsVisible = 0;
			defaultConfigurationName = Release;
		};
		0B6C77E8282AA84C003286BA /* Build configuration list for PBXNativeTarget "UIKitListModuleTests" */ = {
			isa = XCConfigurationList;
			buildConfigurations = (
				0B6C77E9282AA84C003286BA /* Debug */,
				0B6C77EA282AA84C003286BA /* Release */,
			);
			defaultConfigurationIsVisible = 0;
			defaultConfigurationName = Release;
		};
		0B6C77EB282AA84C003286BA /* Build configuration list for PBXNativeTarget "UIKitListModuleUITests" */ = {
			isa = XCConfigurationList;
			buildConfigurations = (
				0B6C77EC282AA84C003286BA /* Debug */,
				0B6C77ED282AA84C003286BA /* Release */,
			);
			defaultConfigurationIsVisible = 0;
			defaultConfigurationName = Release;
		};
/* End XCConfigurationList section */
	};
	rootObject = 0B6C77B3282AA84A003286BA /* Project object */;
}
